# THIS IS AN AUTOGENERATED FILE. DO NOT EDIT THIS FILE DIRECTLY.
# yarn lockfile v1


assemblyscript@^0.27.2:
  version "0.27.2"
  resolved "https://registry.yarnpkg.com/assemblyscript/-/assemblyscript-0.27.2.tgz#cf723d1218fbe3f6b7801ac56e4197fb7d363489"
  integrity sha512-uTiUFkiXkVpsY3votMjmPuA9vvL/vHuUrtH+VtVKCl+BM+1OqXFO7j53FYA4L9QtVJA9KQDYXSVnZ5LFad668w==
  dependencies:
    binaryen "112.0.0-nightly.20230411"
    long "^5.2.1"

binaryen@112.0.0-nightly.20230411:
  version "112.0.0-nightly.20230411"
  resolved "https://registry.yarnpkg.com/binaryen/-/binaryen-112.0.0-nightly.20230411.tgz#2f85cff68c0fe3e89014d2dd4e933c4e7e313ef1"
  integrity sha512-4V9r9x9fjAVFZdR2yvBFc3BEJJIBYvd2X8X8k0zAuJsao2gl9wNHDmpQ30QsLo6hgkRfRImkCbCjhXW3RDOYXQ==

long@^5.2.1:
  version "5.2.3"
  resolved "https://registry.yarnpkg.com/long/-/long-5.2.3.tgz#a3ba97f3877cf1d778eccbcb048525ebb77499e1"
  integrity sha512-lcHwpNoggQTObv5apGNCTdJrO69eHOZMi4BNC+rTLER8iHAqGrUVeLh/irVIM7zTw2bOXA8T6uNPeujwOLg/2Q==
