# THIS IS AN AUTOGENERATED FILE. DO NOT EDIT THIS FILE DIRECTLY.
# yarn lockfile v1


"@fetsorn/as-bigint@0.6.0", "@fetsorn/as-bigint@^0.6.0":
  version "0.6.0"
  resolved "https://registry.yarnpkg.com/@fetsorn/as-bigint/-/as-bigint-0.6.0.tgz#92afae1bac7dad6b5b1d6ff9bb73f6d0d642ff4e"
  integrity sha512-2woqIUZPAjT0xnq4izhEue47R0dSpfKegcEYZKgeJBJglZs4cf7VymrCuoNV69wIbaiYvh9/KRv9DZzWLM2VIw==

"@fetsorn/as-bignumber@0.3.1", "@fetsorn/as-bignumber@^0.3.1":
  version "0.3.1"
  resolved "https://registry.yarnpkg.com/@fetsorn/as-bignumber/-/as-bignumber-0.3.1.tgz#869525bf06a9130f1db1a29fb74a1d318bcc7c31"
  integrity sha512-zvgcWdzeU2caD5jevDj71/qkyJwMPyZeJGHGvrMMzGt5T66/NhC0zX27N/TWXWQapC6TC5FO4zlTZGdcjQxa5Q==
  dependencies:
    "@fetsorn/as-bigint" "^0.6.0"

"@fetsorn/as-json@1.3.0":
  version "1.3.0"
  resolved "https://registry.yarnpkg.com/@fetsorn/as-json/-/as-json-1.3.0.tgz#8e6a927b78e0f1b5ff72b850cf5b238c7edf08ce"
  integrity sha512-9sedASABA9K2A9vbAYAPjASW4HY241guj5/NOvdNHU66sz87SHdBt7QMcG1XQWLuZ/9w/cUjrgK2rLk480zCtg==

"@fetsorn/as-msgpack@^0.1.0":
  version "0.1.0"
  resolved "https://registry.yarnpkg.com/@fetsorn/as-msgpack/-/as-msgpack-0.1.0.tgz#034a7c2c6662d248b97e88a5cf110f60c0b6a1c4"
  integrity sha512-7SfIvs4njFXqXyermA4hft0J7KsOgsgdXnZ3AYZbPJ4WkyrZb9Aw/McSv/VXXgB11cg+Haz5rdw6euU5BMKSlA==
  dependencies:
    "@fetsorn/as-bigint" "0.6.0"
    "@fetsorn/as-bignumber" "0.3.1"
    "@fetsorn/as-json" "1.3.0"
    as-container "0.7.0"

as-container@0.7.0:
  version "0.7.0"
  resolved "https://registry.yarnpkg.com/as-container/-/as-container-0.7.0.tgz#92dfb67f144616d3ad395c27202014340479992e"
  integrity sha512-Ec5dbh/LP/I+JibXtVRW2rrpnH3TKhbRxIV3gD0ePR3F+zA3XbhtNSGAuESomlBA2H2wb9KWRfcS2NPKRGtUlA==

assemblyscript@^0.27.3:
  version "0.27.3"
  resolved "https://registry.yarnpkg.com/assemblyscript/-/assemblyscript-0.27.3.tgz#9015284d77308367b705ffa7464d43b94baec9e5"
  integrity sha512-l0ZXXFa2gql1SnIYsNQJ5vrHpMksALCLQNBOA6VUssCRugYzz7M0dVCXcsWsukVty/Uc24i0//32jJ+S24q3rw==
  dependencies:
    binaryen "112.0.0-nightly.20230411"
    long "^5.2.1"

binaryen@112.0.0-nightly.20230411:
  version "112.0.0-nightly.20230411"
  resolved "https://registry.yarnpkg.com/binaryen/-/binaryen-112.0.0-nightly.20230411.tgz#2f85cff68c0fe3e89014d2dd4e933c4e7e313ef1"
  integrity sha512-4V9r9x9fjAVFZdR2yvBFc3BEJJIBYvd2X8X8k0zAuJsao2gl9wNHDmpQ30QsLo6hgkRfRImkCbCjhXW3RDOYXQ==

long@^5.2.1:
  version "5.2.3"
  resolved "https://registry.yarnpkg.com/long/-/long-5.2.3.tgz#a3ba97f3877cf1d778eccbcb048525ebb77499e1"
  integrity sha512-lcHwpNoggQTObv5apGNCTdJrO69eHOZMi4BNC+rTLER8iHAqGrUVeLh/irVIM7zTw2bOXA8T6uNPeujwOLg/2Q==
